PODS:
  - SnapKit (4.0.0)

DEPENDENCIES:
  - SnapKit (from `https://github.com/SnapKit/SnapKit.git`, branch `4.0.0`)

EXTERNAL SOURCES:
  SnapKit:
    :branch: 4.0.0
    :git: https://github.com/SnapKit/SnapKit.git

CHECKOUT OPTIONS:
  SnapKit:
    :commit: c0f66e42be339f27e727da022518af362cca409b
    :git: https://github.com/SnapKit/SnapKit.git

SPEC CHECKSUMS:
  SnapKit: 4b1c20a79bc7655f2bdefba4f008630681f63fe5

PODFILE CHECKSUM: 45e3a22a8a157c6e7309100123de1a1e3026d9bf

COCOAPODS: 1.4.0
